
Microsoft Visual Studio Solution File, Format Version 12.00
# Visual Studio Version 17
VisualStudioVersion = 17.13.35825.156 d17.13
MinimumVisualStudioVersion = 10.0.40219.1
Project("{FAE04EC0-301F-11D3-BF4B-00C04F79EFBC}") = "lab3", "lab3\lab3.csproj", "{5EE1BA6A-30CB-4B2B-8FA4-DDEE7BEB27AE}"
EndProject
Global
	GlobalSection(SolutionConfigurationPlatforms) = preSolution
		Debug|Any CPU = Debug|Any CPU
		Release|Any CPU = Release|Any CPU
	EndGlobalSection
	GlobalSection(ProjectConfigurationPlatforms) = postSolution
		{5EE1BA6A-30CB-4B2B-8FA4-DDEE7BEB27AE}.Debug|Any CPU.ActiveCfg = Debug|Any CPU
		{5EE1BA6A-30CB-4B2B-8FA4-DDEE7BEB27AE}.Debug|Any CPU.Build.0 = Debug|Any CPU
		{5EE1BA6A-30CB-4B2B-8FA4-DDEE7BEB27AE}.Release|Any CPU.ActiveCfg = Release|Any CPU
		{5EE1BA6A-30CB-4B2B-8FA4-DDEE7BEB27AE}.Release|Any CPU.Build.0 = Release|Any CPU
	EndGlobalSection
	GlobalSection(SolutionProperties) = preSolution
		HideSolutionNode = FALSE
	EndGlobalSection
	GlobalSection(ExtensibilityGlobals) = postSolution
		SolutionGuid = {05F975A5-1325-44CF-9131-64D3EEE98EAA}
	EndGlobalSection
EndGlobal
